{
  "name": "babylonjs-webxr-meshpick",
  "lockfileVersion": 2,
  "requires": true,
  "packages": {
    "": {
      "dependencies": {
        "@babylonjs/core": "^4.2.2",
        "typescript": "^4.6.2"
      }
    },
    "node_modules/@babylonjs/core": {
      "version": "4.2.2",
      "resolved": "https://registry.npmjs.org/@babylonjs/core/-/core-4.2.2.tgz",
      "integrity": "sha512-gAgetSyoxFZ/xzMVVnGPKaP941NHA59Ho8GGKFW98OTEp8yZcnzJjNOD2zfF1eKmlvR/6WwSmcrKWTJtPF1pyA==",
      "dependencies": {
        "tslib": ">=1.10.0"
      },
      "engines": {
        "node": "*"
      }
    },
    "node_modules/tslib": {
      "version": "2.3.1",
      "resolved": "https://registry.npmjs.org/tslib/-/tslib-2.3.1.tgz",
      "integrity": "sha512-77EbyPPpMz+FRFRuAFlWMtmgUWGe9UOG2Z25NqCwiIjRhOf5iKGuzSe5P2w1laq+FkRy4p+PCuVkJSGkzTEKVw=="
    },
    "node_modules/typescript": {
      "version": "4.6.2",
      "resolved": "https://registry.npmjs.org/typescript/-/typescript-4.6.2.tgz",
      "integrity": "sha512-HM/hFigTBHZhLXshn9sN37H085+hQGeJHJ/X7LpBWLID/fbc2acUMfU+lGD98X81sKP+pFa9f0DZmCwB9GnbAg==",
      "bin": {
        "tsc": "bin/tsc",
        "tsserver": "bin/tsserver"
      },
      "engines": {
        "node": ">=4.2.0"
      }
    }
  },
  "dependencies": {
    "@babylonjs/core": {
      "version": "4.2.2",
      "resolved": "https://registry.npmjs.org/@babylonjs/core/-/core-4.2.2.tgz",
      "integrity": "sha512-gAgetSyoxFZ/xzMVVnGPKaP941NHA59Ho8GGKFW98OTEp8yZcnzJjNOD2zfF1eKmlvR/6WwSmcrKWTJtPF1pyA==",
      "requires": {
        "tslib": ">=1.10.0"
      }
    },
    "tslib": {
      "version": "2.3.1",
      "resolved": "https://registry.npmjs.org/tslib/-/tslib-2.3.1.tgz",
      "integrity": "sha512-77EbyPPpMz+FRFRuAFlWMtmgUWGe9UOG2Z25NqCwiIjRhOf5iKGuzSe5P2w1laq+FkRy4p+PCuVkJSGkzTEKVw=="
    },
    "typescript": {
      "version": "4.6.2",
      "resolved": "https://registry.npmjs.org/typescript/-/typescript-4.6.2.tgz",
      "integrity": "sha512-HM/hFigTBHZhLXshn9sN37H085+hQGeJHJ/X7LpBWLID/fbc2acUMfU+lGD98X81sKP+pFa9f0DZmCwB9GnbAg=="
    }
  }
}
