# THIS IS AN AUTOGENERATED FILE. DO NOT EDIT THIS FILE DIRECTLY.
# yarn lockfile v1


"@babylonjs/core@^5.2.0":
  version "5.3.0"
  resolved "https://registry.yarnpkg.com/@babylonjs/core/-/core-5.3.0.tgz#1a83829cb85add3d9c59c4b38f825834c7acc0ab"
  integrity sha512-MSvYdnsSbrZmmh2lJUQx/DMpxjXpj8EkbT/jeKYoK+LlFVjxy5LZZDEh6GIe8PFysui6i/6X40EDhJ+C0qfRng==
  dependencies:
    tslib "^2.3.1"

tslib@^2.3.1:
  version "2.4.0"
  resolved "https://registry.yarnpkg.com/tslib/-/tslib-2.4.0.tgz#7cecaa7f073ce680a05847aa77be941098f36dc3"
  integrity sha512-d6xOpEDfsi2CZVlPQzGeux8XMwLT9hssAsaPYExaQMuYskwb+x1x7J371tWlbBdWHroy99KnVB6qIkUbs5X3UQ==

typescript@^4.6.2:
  version "4.6.3"
  resolved "https://registry.yarnpkg.com/typescript/-/typescript-4.6.3.tgz#eefeafa6afdd31d725584c67a0eaba80f6fc6c6c"
  integrity sha512-yNIatDa5iaofVozS/uQJEl3JRWLKKGJKh6Yaiv0GLGSuhpFJe7P3SbHZ8/yjAHRQwKRoA6YZqlfjXWmVzoVSMw==
